
Microsoft Visual Studio Solution File, Format Version 12.00
# Visual Studio Version 17
VisualStudioVersion = 17.8.34330.188
MinimumVisualStudioVersion = 10.0.40219.1
Project("{FAE04EC0-301F-11D3-BF4B-00C04F79EFBC}") = "ReportingUtility", "ReportingUtility.csproj", "{097FCF28-12A3-41C0-8C06-BA6C2BC28EFF}"
EndProject
Global
	GlobalSection(SolutionConfigurationPlatforms) = preSolution
		Debug|Any CPU = Debug|Any CPU
		Release|Any CPU = Release|Any CPU
	EndGlobalSection
	GlobalSection(ProjectConfigurationPlatforms) = postSolution
		{097FCF28-12A3-41C0-8C06-BA6C2BC28EFF}.Debug|Any CPU.ActiveCfg = Debug|Any CPU
		{097FCF28-12A3-41C0-8C06-BA6C2BC28EFF}.Debug|Any CPU.Build.0 = Debug|Any CPU
		{097FCF28-12A3-41C0-8C06-BA6C2BC28EFF}.Release|Any CPU.ActiveCfg = Release|Any CPU
		{097FCF28-12A3-41C0-8C06-BA6C2BC28EFF}.Release|Any CPU.Build.0 = Release|Any CPU
	EndGlobalSection
	GlobalSection(SolutionProperties) = preSolution
		HideSolutionNode = FALSE
	EndGlobalSection
	GlobalSection(ExtensibilityGlobals) = postSolution
		SolutionGuid = {A2790C0B-F33E-413D-9B5A-A2EAB324734C}
	EndGlobalSection
EndGlobal
